
Microsoft Visual Studio Solution File, Format Version 10.00
# Visual Studio 2008
Project("{8BC9CEB8-8B4A-11D0-8D11-00A0C91BC942}") = "CpCp", "CpCp\CpCp.vcproj", "{52F26311-206F-4E4C-A290-70DF20A41C9D}"
	ProjectSection(ProjectDependencies) = postProject
		{180A1FAF-93F1-44C6-A62C-B3191873081D} = {180A1FAF-93F1-44C6-A62C-B3191873081D}
	EndProjectSection
EndProject
Project("{8BC9CEB8-8B4A-11D0-8D11-00A0C91BC942}") = "libHook", "libHook\libHook.vcproj", "{180A1FAF-93F1-44C6-A62C-B3191873081D}"
EndProject
Global
	GlobalSection(SolutionConfigurationPlatforms) = preSolution
		Debug|Win32 = Debug|Win32
		Release|Win32 = Release|Win32
	EndGlobalSection
	GlobalSection(ProjectConfigurationPlatforms) = postSolution
		{52F26311-206F-4E4C-A290-70DF20A41C9D}.Debug|Win32.ActiveCfg = Debug|Win32
		{52F26311-206F-4E4C-A290-70DF20A41C9D}.Debug|Win32.Build.0 = Debug|Win32
		{52F26311-206F-4E4C-A290-70DF20A41C9D}.Release|Win32.ActiveCfg = Release|Win32
		{52F26311-206F-4E4C-A290-70DF20A41C9D}.Release|Win32.Build.0 = Release|Win32
		{180A1FAF-93F1-44C6-A62C-B3191873081D}.Debug|Win32.ActiveCfg = Debug|Win32
		{180A1FAF-93F1-44C6-A62C-B3191873081D}.Debug|Win32.Build.0 = Debug|Win32
		{180A1FAF-93F1-44C6-A62C-B3191873081D}.Release|Win32.ActiveCfg = Release|Win32
		{180A1FAF-93F1-44C6-A62C-B3191873081D}.Release|Win32.Build.0 = Release|Win32
	EndGlobalSection
	GlobalSection(SolutionProperties) = preSolution
		HideSolutionNode = FALSE
	EndGlobalSection
EndGlobal
